
Microsoft Visual Studio Solution File, Format Version 12.00
# Visual Studio 14
VisualStudioVersion = 14.0.25420.1
MinimumVisualStudioVersion = 10.0.40219.1
Project("{FAE04EC0-301F-11D3-BF4B-00C04F79EFBC}") = "FullApp", "FullApp\FullApp.csproj", "{E80D5C0D-F55C-4C1D-A490-113CBBD62A1D}"
EndProject
Project("{FAE04EC0-301F-11D3-BF4B-00C04F79EFBC}") = "FullApp.DataAccess", "FullApp.DataAccess\FullApp.DataAccess.csproj", "{3DAADA0C-3DC0-40A9-BB52-E012E904320F}"
EndProject
Project("{FAE04EC0-301F-11D3-BF4B-00C04F79EFBC}") = "FullApp.DomainModel", "FullApp.DomainModel\FullApp.DomainModel.csproj", "{50182F4F-FDCA-4354-9BC5-224337E8046E}"
EndProject
Project("{FAE04EC0-301F-11D3-BF4B-00C04F79EFBC}") = "FullApp.BackOffice", "FullApp.BackOffice\FullApp.BackOffice.csproj", "{12FE8D0E-453A-4FA3-8DEB-5AE21330BBF6}"
EndProject
Project("{FAE04EC0-301F-11D3-BF4B-00C04F79EFBC}") = "FullApp.WebApi", "FullApp.WebApi\FullApp.WebApi.csproj", "{9AE82296-068D-49BA-A1A5-766B1922C97E}"
EndProject
Project("{FAE04EC0-301F-11D3-BF4B-00C04F79EFBC}") = "FullApp.Infrastructure", "FullApp.Infrastructure\FullApp.Infrastructure.csproj", "{A70A4F1B-E367-46CC-9AAF-39A4388F8042}"
EndProject
Project("{FAE04EC0-301F-11D3-BF4B-00C04F79EFBC}") = "FullApp.FrontOffice", "FullApp.FrontOffice\FullApp.FrontOffice.csproj", "{021D33D4-375D-4D16-A22E-D07F1942EA9B}"
EndProject
Global
	GlobalSection(SolutionConfigurationPlatforms) = preSolution
		Debug|Any CPU = Debug|Any CPU
		Release|Any CPU = Release|Any CPU
	EndGlobalSection
	GlobalSection(ProjectConfigurationPlatforms) = postSolution
		{E80D5C0D-F55C-4C1D-A490-113CBBD62A1D}.Debug|Any CPU.ActiveCfg = Debug|Any CPU
		{E80D5C0D-F55C-4C1D-A490-113CBBD62A1D}.Debug|Any CPU.Build.0 = Debug|Any CPU
		{E80D5C0D-F55C-4C1D-A490-113CBBD62A1D}.Release|Any CPU.ActiveCfg = Release|Any CPU
		{E80D5C0D-F55C-4C1D-A490-113CBBD62A1D}.Release|Any CPU.Build.0 = Release|Any CPU
		{3DAADA0C-3DC0-40A9-BB52-E012E904320F}.Debug|Any CPU.ActiveCfg = Debug|Any CPU
		{3DAADA0C-3DC0-40A9-BB52-E012E904320F}.Debug|Any CPU.Build.0 = Debug|Any CPU
		{3DAADA0C-3DC0-40A9-BB52-E012E904320F}.Release|Any CPU.ActiveCfg = Release|Any CPU
		{3DAADA0C-3DC0-40A9-BB52-E012E904320F}.Release|Any CPU.Build.0 = Release|Any CPU
		{50182F4F-FDCA-4354-9BC5-224337E8046E}.Debug|Any CPU.ActiveCfg = Debug|Any CPU
		{50182F4F-FDCA-4354-9BC5-224337E8046E}.Debug|Any CPU.Build.0 = Debug|Any CPU
		{50182F4F-FDCA-4354-9BC5-224337E8046E}.Release|Any CPU.ActiveCfg = Release|Any CPU
		{50182F4F-FDCA-4354-9BC5-224337E8046E}.Release|Any CPU.Build.0 = Release|Any CPU
		{12FE8D0E-453A-4FA3-8DEB-5AE21330BBF6}.Debug|Any CPU.ActiveCfg = Debug|Any CPU
		{12FE8D0E-453A-4FA3-8DEB-5AE21330BBF6}.Debug|Any CPU.Build.0 = Debug|Any CPU
		{12FE8D0E-453A-4FA3-8DEB-5AE21330BBF6}.Release|Any CPU.ActiveCfg = Release|Any CPU
		{12FE8D0E-453A-4FA3-8DEB-5AE21330BBF6}.Release|Any CPU.Build.0 = Release|Any CPU
		{9AE82296-068D-49BA-A1A5-766B1922C97E}.Debug|Any CPU.ActiveCfg = Debug|Any CPU
		{9AE82296-068D-49BA-A1A5-766B1922C97E}.Debug|Any CPU.Build.0 = Debug|Any CPU
		{9AE82296-068D-49BA-A1A5-766B1922C97E}.Release|Any CPU.ActiveCfg = Release|Any CPU
		{9AE82296-068D-49BA-A1A5-766B1922C97E}.Release|Any CPU.Build.0 = Release|Any CPU
		{A70A4F1B-E367-46CC-9AAF-39A4388F8042}.Debug|Any CPU.ActiveCfg = Debug|Any CPU
		{A70A4F1B-E367-46CC-9AAF-39A4388F8042}.Debug|Any CPU.Build.0 = Debug|Any CPU
		{A70A4F1B-E367-46CC-9AAF-39A4388F8042}.Release|Any CPU.ActiveCfg = Release|Any CPU
		{A70A4F1B-E367-46CC-9AAF-39A4388F8042}.Release|Any CPU.Build.0 = Release|Any CPU
		{021D33D4-375D-4D16-A22E-D07F1942EA9B}.Debug|Any CPU.ActiveCfg = Debug|Any CPU
		{021D33D4-375D-4D16-A22E-D07F1942EA9B}.Debug|Any CPU.Build.0 = Debug|Any CPU
		{021D33D4-375D-4D16-A22E-D07F1942EA9B}.Release|Any CPU.ActiveCfg = Release|Any CPU
		{021D33D4-375D-4D16-A22E-D07F1942EA9B}.Release|Any CPU.Build.0 = Release|Any CPU
	EndGlobalSection
	GlobalSection(SolutionProperties) = preSolution
		HideSolutionNode = FALSE
	EndGlobalSection
EndGlobal
